
Microsoft Visual Studio Solution File, Format Version 12.00
# Visual Studio Version 17
VisualStudioVersion = 17.13.35818.85 d17.13
MinimumVisualStudioVersion = 10.0.40219.1
Project("{FAE04EC0-301F-11D3-BF4B-00C04F79EFBC}") = "BhvrSessionGrabber", "BhvrSessionGrabber\BhvrSessionGrabber.csproj", "{B155AC08-5D64-43BC-A86B-F2D0D678585E}"
EndProject
Global
	GlobalSection(SolutionConfigurationPlatforms) = preSolution
		Debug|Any CPU = Debug|Any CPU
		Release|Any CPU = Release|Any CPU
	EndGlobalSection
	GlobalSection(ProjectConfigurationPlatforms) = postSolution
		{B155AC08-5D64-43BC-A86B-F2D0D678585E}.Debug|Any CPU.ActiveCfg = Debug|Any CPU
		{B155AC08-5D64-43BC-A86B-F2D0D678585E}.Debug|Any CPU.Build.0 = Debug|Any CPU
		{B155AC08-5D64-43BC-A86B-F2D0D678585E}.Release|Any CPU.ActiveCfg = Release|Any CPU
		{B155AC08-5D64-43BC-A86B-F2D0D678585E}.Release|Any CPU.Build.0 = Release|Any CPU
	EndGlobalSection
	GlobalSection(SolutionProperties) = preSolution
		HideSolutionNode = FALSE
	EndGlobalSection
	GlobalSection(ExtensibilityGlobals) = postSolution
		SolutionGuid = {032D5BC1-E8E4-4A87-BA8C-65688628993D}
	EndGlobalSection
EndGlobal
